# Generated by buf. DO NOT EDIT.
version: v1
deps:
  - remote: buf.build
    owner: yoffa
    repository: typ-p
    commit: ee069933ab274b03b3f4acd434eaf78e
    digest: shake256:af87b0856d31df0b4b3b9132c96bd599d1cd932927fff07b3800e7009e6b442d01f6cf946d135b90a8f26d1125a2e1b2b9a9b98992643e08ac8350f3e411a979
